// !$*UTF8*$!
{
	archiveVersion = 1;
	classes = {
	};
	objectVersion = 46;
	objects = {

/* Begin PBXBuildFile section */
		6F0045E21F3817AA001489FB /* CornerImageView.swift in Sources */ = {isa = PBXBuildFile; fileRef = 6F0045E11F3817AA001489FB /* CornerImageView.swift */; };
		6FECBB351F381767007112BF /* AppDelegate.swift in Sources */ = {isa = PBXBuildFile; fileRef = 6FECBB341F381767007112BF /* AppDelegate.swift */; };
		6FECBB371F381767007112BF /* ViewController.swift in Sources */ = {isa = PBXBuildFile; fileRef = 6FECBB361F381767007112BF /* ViewController.swift */; };
		6FECBB3A1F381767007112BF /* Main.storyboard in Resources */ = {isa = PBXBuildFile; fileRef = 6FECBB381F381767007112BF /* Main.storyboard */; };
		6FECBB3C1F381767007112BF /* Assets.xcassets in Resources */ = {isa = PBXBuildFile; fileRef = 6FECBB3B1F381767007112BF /* Assets.xcassets */; };
		6FECBB3F1F381767007112BF /* LaunchScreen.storyboard in Resources */ = {isa = PBXBuildFile; fileRef = 6FECBB3D1F381767007112BF /* LaunchScreen.storyboard */; };
/* End PBXBuildFile section */

/* Begin PBXFileReference section */
		6F0045E11F3817AA001489FB /* CornerImageView.swift */ = {isa = PBXFileReference; fileEncoding = 4; lastKnownFileType = sourcecode.swift; path = CornerImageView.swift; sourceTree = "<group>"; };
		6FECBB311F381767007112BF /* CornerImageView.app */ = {isa = PBXFileReference; explicitFileType = wrapper.application; includeInIndex = 0; path = CornerImageView.app; sourceTree = BUILT_PRODUCTS_DIR; };
		6FECBB341F381767007112BF /* AppDelegate.swift */ = {isa = PBXFileReference; lastKnownFileType = sourcecode.swift; path = AppDelegate.swift; sourceTree = "<group>"; };
		6FECBB361F381767007112BF /* ViewController.swift */ = {isa = PBXFileReference; lastKnownFileType = sourcecode.swift; path = ViewController.swift; sourceTree = "<group>"; };
		6FECBB391F381767007112BF /* Base */ = {isa = PBXFileReference; lastKnownFileType = file.storyboard; name = Base; path = Base.lproj/Main.storyboard; sourceTree = "<group>"; };
		6FECBB3B1F381767007112BF /* Assets.xcassets */ = {isa = PBXFileReference; lastKnownFileType = folder.assetcatalog; path = Assets.xcassets; sourceTree = "<group>"; };
		6FECBB3E1F381767007112BF /* Base */ = {isa = PBXFileReference; lastKnownFileType = file.storyboard; name = Base; path = Base.lproj/LaunchScreen.storyboard; sourceTree = "<group>"; };
		6FECBB401F381767007112BF /* Info.plist */ = {isa = PBXFileReference; lastKnownFileType = text.plist.xml; path = Info.plist; sourceTree = "<group>"; };
/* End PBXFileReference section */

/* Begin PBXFrameworksBuildPhase section */
		6FECBB2E1F381767007112BF /* Frameworks */ = {
			isa = PBXFrameworksBuildPhase;
			buildActionMask = 2147483647;
			files = (
			);
			runOnlyForDeploymentPostprocessing = 0;
		};
/* End PBXFrameworksBuildPhase section */

/* Begin PBXGroup section */
		6FECBB281F381767007112BF = {
			isa = PBXGroup;
			children = (
				6FECBB331F381767007112BF /* CornerImageView */,
				6FECBB321F381767007112BF /* Products */,
			);
			sourceTree = "<group>";
		};
		6FECBB321F381767007112BF /* Products */ = {
			isa = PBXGroup;
			children = (
				6FECBB311F381767007112BF /* CornerImageView.app */,
			);
			name = Products;
			sourceTree = "<group>";
		};
		6FECBB331F381767007112BF /* CornerImageView */ = {
			isa = PBXGroup;
			children = (
				6FECBB341F381767007112BF /* AppDelegate.swift */,
				6FECBB361F381767007112BF /* ViewController.swift */,
				6F0045E11F3817AA001489FB /* CornerImageView.swift */,
				6FECBB381F381767007112BF /* Main.storyboard */,
				6FECBB3B1F381767007112BF /* Assets.xcassets */,
				6FECBB3D1F381767007112BF /* LaunchScreen.storyboard */,
				6FECBB401F381767007112BF /* Info.plist */,
			);
			path = CornerImageView;
			sourceTree = "<group>";
		};
/* End PBXGroup section */

/* Begin PBXNativeTarget section */
		6FECBB301F381767007112BF /* CornerImageView */ = {
			isa = PBXNativeTarget;
			buildConfigurationList = 6FECBB431F381767007112BF /* Build configuration list for PBXNativeTarget "CornerImageView" */;
			buildPhases = (
				6FECBB2D1F381767007112BF /* Sources */,
				6FECBB2E1F381767007112BF /* Frameworks */,
				6FECBB2F1F381767007112BF /* Resources */,
			);
			buildRules = (
			);
			dependencies = (
			);
			name = CornerImageView;
			productName = CornerImageView;
			productReference = 6FECBB311F381767007112BF /* CornerImageView.app */;
			productType = "com.apple.product-type.application";
		};
/* End PBXNativeTarget section */

/* Begin PBXProject section */
		6FECBB291F381767007112BF /* Project object */ = {
			isa = PBXProject;
			attributes = {
				LastSwiftUpdateCheck = 0830;
				LastUpgradeCheck = 1030;
				ORGANIZATIONNAME = qms;
				TargetAttributes = {
					6FECBB301F381767007112BF = {
						CreatedOnToolsVersion = 8.3.3;
						DevelopmentTeam = LRXW8DEK2D;
						LastSwiftMigration = 1030;
						ProvisioningStyle = Automatic;
					};
				};
			};
			buildConfigurationList = 6FECBB2C1F381767007112BF /* Build configuration list for PBXProject "CornerImageView" */;
			compatibilityVersion = "Xcode 3.2";
			developmentRegion = en;
			hasScannedForEncodings = 0;
			knownRegions = (
				en,
				Base,
			);
			mainGroup = 6FECBB281F381767007112BF;
			productRefGroup = 6FECBB321F381767007112BF /* Products */;
			projectDirPath = "";
			projectRoot = "";
			targets = (
				6FECBB301F381767007112BF /* CornerImageView */,
			);
		};
/* End PBXProject section */

/* Begin PBXResourcesBuildPhase section */
		6FECBB2F1F381767007112BF /* Resources */ = {
			isa = PBXResourcesBuildPhase;
			buildActionMask = 2147483647;
			files = (
				6FECBB3F1F381767007112BF /* LaunchScreen.storyboard in Resources */,
				6FECBB3C1F381767007112BF /* Assets.xcassets in Resources */,
				6FECBB3A1F381767007112BF /* Main.storyboard in Resources */,
			);
			runOnlyForDeploymentPostprocessing = 0;
		};
/* End PBXResourcesBuildPhase section */

/* Begin PBXSourcesBuildPhase section */
		6FECBB2D1F381767007112BF /* Sources */ = {
			isa = PBXSourcesBuildPhase;
			buildActionMask = 2147483647;
			files = (
				6FECBB371F381767007112BF /* ViewController.swift in Sources */,
				6FECBB351F381767007112BF /* AppDelegate.swift in Sources */,
				6F0045E21F3817AA001489FB /* CornerImageView.swift in Sources */,
			);
			runOnlyForDeploymentPostprocessing = 0;
		};
/* End PBXSourcesBuildPhase section */

/* Begin PBXVariantGroup section */
		6FECBB381F381767007112BF /* Main.storyboard */ = {
			isa = PBXVariantGroup;
			children = (
				6FECBB391F381767007112BF /* Base */,
			);
			name = Main.storyboard;
			sourceTree = "<group>";
		};
		6FECBB3D1F381767007112BF /* LaunchScreen.storyboard */ = {
			isa = PBXVariantGroup;
			children = (
				6FECBB3E1F381767007112BF /* Base */,
			);
			name = LaunchScreen.storyboard;
			sourceTree = "<group>";
		};
/* End PBXVariantGroup section */

/* Begin XCBuildConfiguration section */
		6FECBB411F381767007112BF /* Debug */ = {
			isa = XCBuildConfiguration;
			buildSettings = {
				ALWAYS_SEARCH_USER_PATHS = NO;
				CLANG_ANALYZER_LOCALIZABILITY_NONLOCALIZED = YES;
				CLANG_ANALYZER_NONNULL = YES;
				CLANG_ANALYZER_NUMBER_OBJECT_CONVERSION = YES_AGGRESSIVE;
				CLANG_CXX_LANGUAGE_STANDARD = "gnu++0x";
				CLANG_CXX_LIBRARY = "libc++";
				CLANG_ENABLE_MODULES = YES;
				CLANG_ENABLE_OBJC_ARC = YES;
				CLANG_WARN_BLOCK_CAPTURE_AUTORELEASING = YES;
				CLANG_WARN_BOOL_CONVERSION = YES;
				CLANG_WARN_COMMA = YES;
				CLANG_WARN_CONSTANT_CONVERSION = YES;
				CLANG_WARN_DEPRECATED_OBJC_IMPLEMENTATIONS = YES;
				CLANG_WARN_DIRECT_OBJC_ISA_USAGE = YES_ERROR;
				CLANG_WARN_DOCUMENTATION_COMMENTS = YES;
				CLANG_WARN_EMPTY_BODY = YES;
				CLANG_WARN_ENUM_CONVERSION = YES;
				CLANG_WARN_INFINITE_RECURSION = YES;
				CLANG_WARN_INT_CONVERSION = YES;
				CLANG_WARN_NON_LITERAL_NULL_CONVERSION = YES;
				CLANG_WARN_OBJC_IMPLICIT_RETAIN_SELF = YES;
				CLANG_WARN_OBJC_LITERAL_CONVERSION = YES;
				CLANG_WARN_OBJC_ROOT_CLASS = YES_ERROR;
				CLANG_WARN_RANGE_LOOP_ANALYSIS = YES;
				CLANG_WARN_STRICT_PROTOTYPES = YES;
				CLANG_WARN_SUSPICIOUS_MOVE = YES;
				CLANG_WARN_UNREACHABLE_CODE = YES;
				CLANG_WARN__DUPLICATE_METHOD_MATCH = YES;
				"CODE_SIGN_IDENTITY[sdk=iphoneos*]" = "iPhone Developer";
				COPY_PHASE_STRIP = NO;
				DEBUG_INFORMATION_FORMAT = dwarf;
				ENABLE_STRICT_OBJC_MSGSEND = YES;
				ENABLE_TESTABILITY = YES;
				GCC_C_LANGUAGE_STANDARD = gnu99;
				GCC_DYNAMIC_NO_PIC = NO;
				GCC_NO_COMMON_BLOCKS = YES;
				GCC_OPTIMIZATION_LEVEL = 0;
				GCC_PREPROCESSOR_DEFINITIONS = (
					"DEBUG=1",
					"$(inherited)",
				);
				GCC_WARN_64_TO_32_BIT_CONVERSION = YES;
				GCC_WARN_ABOUT_RETURN_TYPE = YES_ERROR;
				GCC_WARN_UNDECLARED_SELECTOR = YES;
				GCC_WARN_UNINITIALIZED_AUTOS = YES_AGGRESSIVE;
				GCC_WARN_UNUSED_FUNCTION = YES;
				GCC_WARN_UNUSED_VARIABLE = YES;
				IPHONEOS_DEPLOYMENT_TARGET = 10.3;
				MTL_ENABLE_DEBUG_INFO = YES;
				ONLY_ACTIVE_ARCH = YES;
				SDKROOT = iphoneos;
				SWIFT_ACTIVE_COMPILATION_CONDITIONS = DEBUG;
				SWIFT_OPTIMIZATION_LEVEL = "-Onone";
			};
			name = Debug;
		};
		6FECBB421F381767007112BF /* Release */ = {
			isa = XCBuildConfiguration;
			buildSettings = {
				ALWAYS_SEARCH_USER_PATHS = NO;
				CLANG_ANALYZER_LOCALIZABILITY_NONLOCALIZED = YES;
				CLANG_ANALYZER_NONNULL = YES;
				CLANG_ANALYZER_NUMBER_OBJECT_CONVERSION = YES_AGGRESSIVE;
				CLANG_CXX_LANGUAGE_STANDARD = "gnu++0x";
				CLANG_CXX_LIBRARY = "libc++";
				CLANG_ENABLE_MODULES = YES;
				CLANG_ENABLE_OBJC_ARC = YES;
				CLANG_WARN_BLOCK_CAPTURE_AUTORELEASING = YES;
				CLANG_WARN_BOOL_CONVERSION = YES;
				CLANG_WARN_COMMA = YES;
				CLANG_WARN_CONSTANT_CONVERSION = YES;
				CLANG_WARN_DEPRECATED_OBJC_IMPLEMENTATIONS = YES;
				CLANG_WARN_DIRECT_OBJC_ISA_USAGE = YES_ERROR;
				CLANG_WARN_DOCUMENTATION_COMMENTS = YES;
				CLANG_WARN_EMPTY_BODY = YES;
				CLANG_WARN_ENUM_CONVERSION = YES;
				CLANG_WARN_INFINITE_RECURSION = YES;
				CLANG_WARN_INT_CONVERSION = YES;
				CLANG_WARN_NON_LITERAL_NULL_CONVERSION = YES;
				CLANG_WARN_OBJC_IMPLICIT_RETAIN_SELF = YES;
				CLANG_WARN_OBJC_LITERAL_CONVERSION = YES;
				CLANG_WARN_OBJC_ROOT_CLASS = YES_ERROR;
				CLANG_WARN_RANGE_LOOP_ANALYSIS = YES;
				CLANG_WARN_STRICT_PROTOTYPES = YES;
				CLANG_WARN_SUSPICIOUS_MOVE = YES;
				CLANG_WARN_UNREACHABLE_CODE = YES;
				CLANG_WARN__DUPLICATE_METHOD_MATCH = YES;
				"CODE_SIGN_IDENTITY[sdk=iphoneos*]" = "iPhone Developer";
				COPY_PHASE_STRIP = NO;
				DEBUG_INFORMATION_FORMAT = "dwarf-with-dsym";
				ENABLE_NS_ASSERTIONS = NO;
				ENABLE_STRICT_OBJC_MSGSEND = YES;
				GCC_C_LANGUAGE_STANDARD = gnu99;
				GCC_NO_COMMON_BLOCKS = YES;
				GCC_WARN_64_TO_32_BIT_CONVERSION = YES;
				GCC_WARN_ABOUT_RETURN_TYPE = YES_ERROR;
				GCC_WARN_UNDECLARED_SELECTOR = YES;
				GCC_WARN_UNINITIALIZED_AUTOS = YES_AGGRESSIVE;
				GCC_WARN_UNUSED_FUNCTION = YES;
				GCC_WARN_UNUSED_VARIABLE = YES;
				IPHONEOS_DEPLOYMENT_TARGET = 10.3;
				MTL_ENABLE_DEBUG_INFO = NO;
				SDKROOT = iphoneos;
				SWIFT_OPTIMIZATION_LEVEL = "-Owholemodule";
				VALIDATE_PRODUCT = YES;
			};
			name = Release;
		};
		6FECBB441F381767007112BF /* Debug */ = {
			isa = XCBuildConfiguration;
			buildSettings = {
				ASSETCATALOG_COMPILER_APPICON_NAME = AppIcon;
				DEVELOPMENT_TEAM = LRXW8DEK2D;
				INFOPLIST_FILE = CornerImageView/Info.plist;
				LD_RUNPATH_SEARCH_PATHS = "$(inherited) @executable_path/Frameworks";
				PRODUCT_BUNDLE_IDENTIFIER = com.xwy.CornerImageView;
				PRODUCT_NAME = "$(TARGET_NAME)";
				SWIFT_VERSION = 5.0;
			};
			name = Debug;
		};
		6FECBB451F381767007112BF /* Release */ = {
			isa = XCBuildConfiguration;
			buildSettings = {
				ASSETCATALOG_COMPILER_APPICON_NAME = AppIcon;
				DEVELOPMENT_TEAM = LRXW8DEK2D;
				INFOPLIST_FILE = CornerImageView/Info.plist;
				LD_RUNPATH_SEARCH_PATHS = "$(inherited) @executable_path/Frameworks";
				PRODUCT_BUNDLE_IDENTIFIER = com.xwy.CornerImageView;
				PRODUCT_NAME = "$(TARGET_NAME)";
				SWIFT_VERSION = 5.0;
			};
			name = Release;
		};
/* End XCBuildConfiguration section */

/* Begin XCConfigurationList section */
		6FECBB2C1F381767007112BF /* Build configuration list for PBXProject "CornerImageView" */ = {
			isa = XCConfigurationList;
			buildConfigurations = (
				6FECBB411F381767007112BF /* Debug */,
				6FECBB421F381767007112BF /* Release */,
			);
			defaultConfigurationIsVisible = 0;
			defaultConfigurationName = Release;
		};
		6FECBB431F381767007112BF /* Build configuration list for PBXNativeTarget "CornerImageView" */ = {
			isa = XCConfigurationList;
			buildConfigurations = (
				6FECBB441F381767007112BF /* Debug */,
				6FECBB451F381767007112BF /* Release */,
			);
			defaultConfigurationIsVisible = 0;
			defaultConfigurationName = Release;
		};
/* End XCConfigurationList section */
	};
	rootObject = 6FECBB291F381767007112BF /* Project object */;
}
